// !$*UTF8*$!
{
	archiveVersion = 1;
	classes = {
	};
	objectVersion = 46;
	objects = {

/* Begin PBXBuildFile section */
		2338D7B316D0194D007BEF9B /* libUAirshipPush-1.3.3.a in Frameworks */ = {isa = PBXBuildFile; fileRef = 2338D7B016D0194D007BEF9B /* libUAirshipPush-1.3.3.a */; };
		2338D7B516D0194D007BEF9B /* KinveyKit.framework in Frameworks */ = {isa = PBXBuildFile; fileRef = 2338D7B216D0194D007BEF9B /* KinveyKit.framework */; };
		2338D7B716D01A8D007BEF9B /* CFNetwork.framework in Frameworks */ = {isa = PBXBuildFile; fileRef = 2338D7B616D01A8D007BEF9B /* CFNetwork.framework */; };
		2338D7B916D01A96007BEF9B /* CoreTelephony.framework in Frameworks */ = {isa = PBXBuildFile; fileRef = 2338D7B816D01A96007BEF9B /* CoreTelephony.framework */; };
		2338D7BB16D01A9C007BEF9B /* libsqlite3.dylib in Frameworks */ = {isa = PBXBuildFile; fileRef = 2338D7BA16D01A9C007BEF9B /* libsqlite3.dylib */; };
		2338D7BD16D01AA1007BEF9B /* libz.dylib in Frameworks */ = {isa = PBXBuildFile; fileRef = 2338D7BC16D01AA0007BEF9B /* libz.dylib */; };
		2338D7BF16D01AA6007BEF9B /* MobileCoreServices.framework in Frameworks */ = {isa = PBXBuildFile; fileRef = 2338D7BE16D01AA6007BEF9B /* MobileCoreServices.framework */; };
		2338D7C116D01AAB007BEF9B /* Security.framework in Frameworks */ = {isa = PBXBuildFile; fileRef = 2338D7C016D01AAB007BEF9B /* Security.framework */; };
		2338D7C316D01AAF007BEF9B /* SystemConfiguration.framework in Frameworks */ = {isa = PBXBuildFile; fileRef = 2338D7C216D01AAF007BEF9B /* SystemConfiguration.framework */; };
		2338D7C516D01AB3007BEF9B /* Twitter.framework in Frameworks */ = {isa = PBXBuildFile; fileRef = 2338D7C416D01AB3007BEF9B /* Twitter.framework */; };
		2380EB8816D099580036728B /* MealModel.m in Sources */ = {isa = PBXBuildFile; fileRef = 2380EB8716D099580036728B /* MealModel.m */; };
		23F33DC416DD59AB00EF2527 /* camera@2x.png in Resources */ = {isa = PBXBuildFile; fileRef = 23F33DC216DD59AB00EF2527 /* camera@2x.png */; };
		23F33DC516DD59AB00EF2527 /* camera.png in Resources */ = {isa = PBXBuildFile; fileRef = 23F33DC316DD59AB00EF2527 /* camera.png */; };
		27F5D7DA16EFCA0D001828F3 /* FacebookSDK.framework in Frameworks */ = {isa = PBXBuildFile; fileRef = 27F5D7D916EFCA0D001828F3 /* FacebookSDK.framework */; };
		846809C1158F85A100F2DBB9 /* action-eating.png in Resources */ = {isa = PBXBuildFile; fileRef = 846809BD158F85A100F2DBB9 /* action-eating.png */; };
		846809C2158F85A100F2DBB9 /* action-location.png in Resources */ = {isa = PBXBuildFile; fileRef = 846809BE158F85A100F2DBB9 /* action-location.png */; };
		846809C3158F85A100F2DBB9 /* action-people.png in Resources */ = {isa = PBXBuildFile; fileRef = 846809BF158F85A100F2DBB9 /* action-people.png */; };
		84A5DA9615A68A3D00FE54AF /* Accounts.framework in Frameworks */ = {isa = PBXBuildFile; fileRef = 84A5DA9515A68A3D00FE54AF /* Accounts.framework */; settings = {ATTRIBUTES = (Weak, ); }; };
		8527EC6815C9DB3800660673 /* Scrumptious.strings in Resources */ = {isa = PBXBuildFile; fileRef = 8527EC6A15C9DB3800660673 /* Scrumptious.strings */; };
		856DC21A1577F105001FA6A6 /* Icon-72.png in Resources */ = {isa = PBXBuildFile; fileRef = 856DC2171577F105001FA6A6 /* Icon-72.png */; };
		856DC21B1577F105001FA6A6 /* Icon.png in Resources */ = {isa = PBXBuildFile; fileRef = 856DC2181577F105001FA6A6 /* Icon.png */; };
		856DC21C1577F105001FA6A6 /* Icon@2x.png in Resources */ = {isa = PBXBuildFile; fileRef = 856DC2191577F105001FA6A6 /* Icon@2x.png */; };
		8592BE3D15816CCC00056680 /* AddressBook.framework in Frameworks */ = {isa = PBXBuildFile; fileRef = 8592BE3C15816CCC00056680 /* AddressBook.framework */; };
		85A928E316114706008699F1 /* Social.framework in Frameworks */ = {isa = PBXBuildFile; fileRef = 85A928E216114706008699F1 /* Social.framework */; settings = {ATTRIBUTES = (Weak, ); }; };
		85C69DCA1602B411008AD9A0 /* Default-568h@2x.png in Resources */ = {isa = PBXBuildFile; fileRef = 85C69DC71602B411008AD9A0 /* Default-568h@2x.png */; };
		85C69DCB1602B411008AD9A0 /* Default.png in Resources */ = {isa = PBXBuildFile; fileRef = 85C69DC81602B411008AD9A0 /* Default.png */; };
		85C69DCC1602B411008AD9A0 /* Default@2x.png in Resources */ = {isa = PBXBuildFile; fileRef = 85C69DC91602B411008AD9A0 /* Default@2x.png */; };
		B9A416A316113F1C001E7A77 /* AdSupport.framework in Frameworks */ = {isa = PBXBuildFile; fileRef = B9A416A216113F1C001E7A77 /* AdSupport.framework */; settings = {ATTRIBUTES = (Weak, ); }; };
		B9C1C35915129F0E008FA5D1 /* CoreLocation.framework in Frameworks */ = {isa = PBXBuildFile; fileRef = B9C1C35815129F0E008FA5D1 /* CoreLocation.framework */; };
		B9CD0A74150EA4DD00560A93 /* UIKit.framework in Frameworks */ = {isa = PBXBuildFile; fileRef = B9CD0A73150EA4DD00560A93 /* UIKit.framework */; };
		B9CD0A76150EA4DD00560A93 /* Foundation.framework in Frameworks */ = {isa = PBXBuildFile; fileRef = B9CD0A75150EA4DD00560A93 /* Foundation.framework */; };
		B9CD0A78150EA4DD00560A93 /* CoreGraphics.framework in Frameworks */ = {isa = PBXBuildFile; fileRef = B9CD0A77150EA4DD00560A93 /* CoreGraphics.framework */; };
		B9CD0A7E150EA4DD00560A93 /* InfoPlist.strings in Resources */ = {isa = PBXBuildFile; fileRef = B9CD0A7C150EA4DD00560A93 /* InfoPlist.strings */; };
		B9CD0A80150EA4DD00560A93 /* main.m in Sources */ = {isa = PBXBuildFile; fileRef = B9CD0A7F150EA4DD00560A93 /* main.m */; };
		B9CD0A84150EA4DD00560A93 /* SCAppDelegate.m in Sources */ = {isa = PBXBuildFile; fileRef = B9CD0A83150EA4DD00560A93 /* SCAppDelegate.m */; };
		B9CD0A87150EA4DD00560A93 /* SCViewController.m in Sources */ = {isa = PBXBuildFile; fileRef = B9CD0A86150EA4DD00560A93 /* SCViewController.m */; };
		B9CD0A8D150EA4DE00560A93 /* SCViewController.xib in Resources */ = {isa = PBXBuildFile; fileRef = B9CD0A8B150EA4DE00560A93 /* SCViewController.xib */; };
		B9CD0A96150EBF5400560A93 /* SCLoginViewController.m in Sources */ = {isa = PBXBuildFile; fileRef = B9CD0A94150EBF5400560A93 /* SCLoginViewController.m */; };
		B9CD0A97150EBF5400560A93 /* SCLoginViewController.xib in Resources */ = {isa = PBXBuildFile; fileRef = B9CD0A95150EBF5400560A93 /* SCLoginViewController.xib */; };
		B9CD0A9A150EBFFB00560A93 /* facebook.png in Resources */ = {isa = PBXBuildFile; fileRef = B9CD0A99150EBFFB00560A93 /* facebook.png */; };
/* End PBXBuildFile section */

/* Begin PBXFileReference section */
		2338D7B016D0194D007BEF9B /* libUAirshipPush-1.3.3.a */ = {isa = PBXFileReference; lastKnownFileType = archive.ar; path = "libUAirshipPush-1.3.3.a"; sourceTree = "<group>"; };
		2338D7B216D0194D007BEF9B /* KinveyKit.framework */ = {isa = PBXFileReference; lastKnownFileType = wrapper.framework; path = KinveyKit.framework; sourceTree = "<group>"; };
		2338D7B616D01A8D007BEF9B /* CFNetwork.framework */ = {isa = PBXFileReference; lastKnownFileType = wrapper.framework; name = CFNetwork.framework; path = System/Library/Frameworks/CFNetwork.framework; sourceTree = SDKROOT; };
		2338D7B816D01A96007BEF9B /* CoreTelephony.framework */ = {isa = PBXFileReference; lastKnownFileType = wrapper.framework; name = CoreTelephony.framework; path = System/Library/Frameworks/CoreTelephony.framework; sourceTree = SDKROOT; };
		2338D7BA16D01A9C007BEF9B /* libsqlite3.dylib */ = {isa = PBXFileReference; lastKnownFileType = "compiled.mach-o.dylib"; name = libsqlite3.dylib; path = usr/lib/libsqlite3.dylib; sourceTree = SDKROOT; };
		2338D7BC16D01AA0007BEF9B /* libz.dylib */ = {isa = PBXFileReference; lastKnownFileType = "compiled.mach-o.dylib"; name = libz.dylib; path = usr/lib/libz.dylib; sourceTree = SDKROOT; };
		2338D7BE16D01AA6007BEF9B /* MobileCoreServices.framework */ = {isa = PBXFileReference; lastKnownFileType = wrapper.framework; name = MobileCoreServices.framework; path = System/Library/Frameworks/MobileCoreServices.framework; sourceTree = SDKROOT; };
		2338D7C016D01AAB007BEF9B /* Security.framework */ = {isa = PBXFileReference; lastKnownFileType = wrapper.framework; name = Security.framework; path = System/Library/Frameworks/Security.framework; sourceTree = SDKROOT; };
		2338D7C216D01AAF007BEF9B /* SystemConfiguration.framework */ = {isa = PBXFileReference; lastKnownFileType = wrapper.framework; name = SystemConfiguration.framework; path = System/Library/Frameworks/SystemConfiguration.framework; sourceTree = SDKROOT; };
		2338D7C416D01AB3007BEF9B /* Twitter.framework */ = {isa = PBXFileReference; lastKnownFileType = wrapper.framework; name = Twitter.framework; path = System/Library/Frameworks/Twitter.framework; sourceTree = SDKROOT; };
		2380EB8616D099580036728B /* MealModel.h */ = {isa = PBXFileReference; fileEncoding = 4; lastKnownFileType = sourcecode.c.h; name = MealModel.h; path = scrumptious/MealModel.h; sourceTree = SOURCE_ROOT; };
		2380EB8716D099580036728B /* MealModel.m */ = {isa = PBXFileReference; fileEncoding = 4; lastKnownFileType = sourcecode.c.objc; name = MealModel.m; path = scrumptious/MealModel.m; sourceTree = SOURCE_ROOT; };
		23F33DC216DD59AB00EF2527 /* camera@2x.png */ = {isa = PBXFileReference; lastKnownFileType = image.png; path = "camera@2x.png"; sourceTree = "<group>"; };
		23F33DC316DD59AB00EF2527 /* camera.png */ = {isa = PBXFileReference; lastKnownFileType = image.png; path = camera.png; sourceTree = "<group>"; };
		27F5D7D916EFCA0D001828F3 /* FacebookSDK.framework */ = {isa = PBXFileReference; lastKnownFileType = wrapper.framework; path = FacebookSDK.framework; sourceTree = "<group>"; };
		846809BD158F85A100F2DBB9 /* action-eating.png */ = {isa = PBXFileReference; lastKnownFileType = image.png; name = "action-eating.png"; path = "scrumptious/images/action-eating.png"; sourceTree = SOURCE_ROOT; };
		846809BE158F85A100F2DBB9 /* action-location.png */ = {isa = PBXFileReference; lastKnownFileType = image.png; name = "action-location.png"; path = "scrumptious/images/action-location.png"; sourceTree = SOURCE_ROOT; };
		846809BF158F85A100F2DBB9 /* action-people.png */ = {isa = PBXFileReference; lastKnownFileType = image.png; name = "action-people.png"; path = "scrumptious/images/action-people.png"; sourceTree = SOURCE_ROOT; };
		84A5DA9515A68A3D00FE54AF /* Accounts.framework */ = {isa = PBXFileReference; lastKnownFileType = wrapper.framework; name = Accounts.framework; path = System/Library/Frameworks/Accounts.framework; sourceTree = SDKROOT; };
		8527EC6915C9DB3800660673 /* en */ = {isa = PBXFileReference; lastKnownFileType = text.plist.strings; name = en; path = en.lproj/Scrumptious.strings; sourceTree = "<group>"; };
		8527EC6B15C9DB4A00660673 /* he */ = {isa = PBXFileReference; lastKnownFileType = text.plist.strings; name = he; path = he.lproj/Scrumptious.strings; sourceTree = "<group>"; };
		856DC2171577F105001FA6A6 /* Icon-72.png */ = {isa = PBXFileReference; lastKnownFileType = image.png; name = "Icon-72.png"; path = "../Icon-72.png"; sourceTree = "<group>"; };
		856DC2181577F105001FA6A6 /* Icon.png */ = {isa = PBXFileReference; lastKnownFileType = image.png; name = Icon.png; path = ../Icon.png; sourceTree = "<group>"; };
		856DC2191577F105001FA6A6 /* Icon@2x.png */ = {isa = PBXFileReference; lastKnownFileType = image.png; name = "Icon@2x.png"; path = "../Icon@2x.png"; sourceTree = "<group>"; };
		8592BE3C15816CCC00056680 /* AddressBook.framework */ = {isa = PBXFileReference; lastKnownFileType = wrapper.framework; name = AddressBook.framework; path = System/Library/Frameworks/AddressBook.framework; sourceTree = SDKROOT; };
		85A928E216114706008699F1 /* Social.framework */ = {isa = PBXFileReference; lastKnownFileType = wrapper.framework; name = Social.framework; path = System/Library/Frameworks/Social.framework; sourceTree = SDKROOT; };
		85C69DC71602B411008AD9A0 /* Default-568h@2x.png */ = {isa = PBXFileReference; lastKnownFileType = image.png; name = "Default-568h@2x.png"; path = "scrumptious/Default-568h@2x.png"; sourceTree = SOURCE_ROOT; };
		85C69DC81602B411008AD9A0 /* Default.png */ = {isa = PBXFileReference; lastKnownFileType = image.png; name = Default.png; path = scrumptious/Default.png; sourceTree = SOURCE_ROOT; };
		85C69DC91602B411008AD9A0 /* Default@2x.png */ = {isa = PBXFileReference; lastKnownFileType = image.png; name = "Default@2x.png"; path = "scrumptious/Default@2x.png"; sourceTree = SOURCE_ROOT; };
		B9A416A216113F1C001E7A77 /* AdSupport.framework */ = {isa = PBXFileReference; lastKnownFileType = wrapper.framework; name = AdSupport.framework; path = System/Library/Frameworks/AdSupport.framework; sourceTree = SDKROOT; };
		B9C1C35815129F0E008FA5D1 /* CoreLocation.framework */ = {isa = PBXFileReference; lastKnownFileType = wrapper.framework; name = CoreLocation.framework; path = System/Library/Frameworks/CoreLocation.framework; sourceTree = SDKROOT; };
		B9CD0A6F150EA4DD00560A93 /* Scrumptious.app */ = {isa = PBXFileReference; explicitFileType = wrapper.application; includeInIndex = 0; path = Scrumptious.app; sourceTree = BUILT_PRODUCTS_DIR; };
		B9CD0A73150EA4DD00560A93 /* UIKit.framework */ = {isa = PBXFileReference; lastKnownFileType = wrapper.framework; name = UIKit.framework; path = System/Library/Frameworks/UIKit.framework; sourceTree = SDKROOT; };
		B9CD0A75150EA4DD00560A93 /* Foundation.framework */ = {isa = PBXFileReference; lastKnownFileType = wrapper.framework; name = Foundation.framework; path = System/Library/Frameworks/Foundation.framework; sourceTree = SDKROOT; };
		B9CD0A77150EA4DD00560A93 /* CoreGraphics.framework */ = {isa = PBXFileReference; lastKnownFileType = wrapper.framework; name = CoreGraphics.framework; path = System/Library/Frameworks/CoreGraphics.framework; sourceTree = SDKROOT; };
		B9CD0A7B150EA4DD00560A93 /* Scrumptious-Info.plist */ = {isa = PBXFileReference; lastKnownFileType = text.plist.xml; path = "Scrumptious-Info.plist"; sourceTree = "<group>"; };
		B9CD0A7D150EA4DD00560A93 /* en */ = {isa = PBXFileReference; lastKnownFileType = text.plist.strings; name = en; path = en.lproj/InfoPlist.strings; sourceTree = "<group>"; };
		B9CD0A7F150EA4DD00560A93 /* main.m */ = {isa = PBXFileReference; lastKnownFileType = sourcecode.c.objc; path = main.m; sourceTree = "<group>"; };
		B9CD0A81150EA4DD00560A93 /* Scrumptious-Prefix.pch */ = {isa = PBXFileReference; lastKnownFileType = sourcecode.c.h; path = "Scrumptious-Prefix.pch"; sourceTree = "<group>"; };
		B9CD0A82150EA4DD00560A93 /* SCAppDelegate.h */ = {isa = PBXFileReference; lastKnownFileType = sourcecode.c.h; path = SCAppDelegate.h; sourceTree = "<group>"; };
		B9CD0A83150EA4DD00560A93 /* SCAppDelegate.m */ = {isa = PBXFileReference; lastKnownFileType = sourcecode.c.objc; path = SCAppDelegate.m; sourceTree = "<group>"; };
		B9CD0A85150EA4DD00560A93 /* SCViewController.h */ = {isa = PBXFileReference; lastKnownFileType = sourcecode.c.h; path = SCViewController.h; sourceTree = "<group>"; };
		B9CD0A86150EA4DD00560A93 /* SCViewController.m */ = {isa = PBXFileReference; lastKnownFileType = sourcecode.c.objc; path = SCViewController.m; sourceTree = "<group>"; };
		B9CD0A8C150EA4DE00560A93 /* en */ = {isa = PBXFileReference; lastKnownFileType = file.xib; name = en; path = en.lproj/SCViewController.xib; sourceTree = "<group>"; };
		B9CD0A93150EBF5400560A93 /* SCLoginViewController.h */ = {isa = PBXFileReference; fileEncoding = 4; lastKnownFileType = sourcecode.c.h; path = SCLoginViewController.h; sourceTree = "<group>"; };
		B9CD0A94150EBF5400560A93 /* SCLoginViewController.m */ = {isa = PBXFileReference; fileEncoding = 4; lastKnownFileType = sourcecode.c.objc; path = SCLoginViewController.m; sourceTree = "<group>"; };
		B9CD0A95150EBF5400560A93 /* SCLoginViewController.xib */ = {isa = PBXFileReference; fileEncoding = 4; lastKnownFileType = file.xib; path = SCLoginViewController.xib; sourceTree = "<group>"; };
		B9CD0A99150EBFFB00560A93 /* facebook.png */ = {isa = PBXFileReference; lastKnownFileType = image.png; name = facebook.png; path = images/facebook.png; sourceTree = "<group>"; };
/* End PBXFileReference section */

/* Begin PBXFrameworksBuildPhase section */
		B9CD0A6C150EA4DD00560A93 /* Frameworks */ = {
			isa = PBXFrameworksBuildPhase;
			buildActionMask = 2147483647;
			files = (
				2338D7C516D01AB3007BEF9B /* Twitter.framework in Frameworks */,
				2338D7C316D01AAF007BEF9B /* SystemConfiguration.framework in Frameworks */,
				2338D7C116D01AAB007BEF9B /* Security.framework in Frameworks */,
				2338D7BF16D01AA6007BEF9B /* MobileCoreServices.framework in Frameworks */,
				2338D7BD16D01AA1007BEF9B /* libz.dylib in Frameworks */,
				2338D7BB16D01A9C007BEF9B /* libsqlite3.dylib in Frameworks */,
				2338D7B916D01A96007BEF9B /* CoreTelephony.framework in Frameworks */,
				B9C1C35915129F0E008FA5D1 /* CoreLocation.framework in Frameworks */,
				2338D7B716D01A8D007BEF9B /* CFNetwork.framework in Frameworks */,
				85A928E316114706008699F1 /* Social.framework in Frameworks */,
				B9A416A316113F1C001E7A77 /* AdSupport.framework in Frameworks */,
				84A5DA9615A68A3D00FE54AF /* Accounts.framework in Frameworks */,
				B9CD0A74150EA4DD00560A93 /* UIKit.framework in Frameworks */,
				B9CD0A76150EA4DD00560A93 /* Foundation.framework in Frameworks */,
				B9CD0A78150EA4DD00560A93 /* CoreGraphics.framework in Frameworks */,
				8592BE3D15816CCC00056680 /* AddressBook.framework in Frameworks */,
				2338D7B316D0194D007BEF9B /* libUAirshipPush-1.3.3.a in Frameworks */,
				2338D7B516D0194D007BEF9B /* KinveyKit.framework in Frameworks */,
				27F5D7DA16EFCA0D001828F3 /* FacebookSDK.framework in Frameworks */,
			);
			runOnlyForDeploymentPostprocessing = 0;
		};
/* End PBXFrameworksBuildPhase section */

/* Begin PBXGroup section */
		2338D7AF16D0194D007BEF9B /* Airship */ = {
			isa = PBXGroup;
			children = (
				2338D7B016D0194D007BEF9B /* libUAirshipPush-1.3.3.a */,
			);
			path = Airship;
			sourceTree = "<group>";
		};
		B9CD0A64150EA4DD00560A93 = {
			isa = PBXGroup;
			children = (
				B9CD0A79150EA4DD00560A93 /* Scrumptious */,
				B9CD0A72150EA4DD00560A93 /* Frameworks */,
				B9CD0A70150EA4DD00560A93 /* Products */,
			);
			sourceTree = "<group>";
		};
		B9CD0A70150EA4DD00560A93 /* Products */ = {
			isa = PBXGroup;
			children = (
				B9CD0A6F150EA4DD00560A93 /* Scrumptious.app */,
			);
			name = Products;
			sourceTree = "<group>";
		};
		B9CD0A72150EA4DD00560A93 /* Frameworks */ = {
			isa = PBXGroup;
			children = (
				2338D7C416D01AB3007BEF9B /* Twitter.framework */,
				2338D7C216D01AAF007BEF9B /* SystemConfiguration.framework */,
				2338D7C016D01AAB007BEF9B /* Security.framework */,
				2338D7BE16D01AA6007BEF9B /* MobileCoreServices.framework */,
				2338D7BC16D01AA0007BEF9B /* libz.dylib */,
				2338D7BA16D01A9C007BEF9B /* libsqlite3.dylib */,
				2338D7B816D01A96007BEF9B /* CoreTelephony.framework */,
				2338D7B616D01A8D007BEF9B /* CFNetwork.framework */,
				2338D7AF16D0194D007BEF9B /* Airship */,
				2338D7B216D0194D007BEF9B /* KinveyKit.framework */,
				85A928E216114706008699F1 /* Social.framework */,
				B9A416A216113F1C001E7A77 /* AdSupport.framework */,
				27F5D7D916EFCA0D001828F3 /* FacebookSDK.framework */,
				84A5DA9515A68A3D00FE54AF /* Accounts.framework */,
				8592BE3C15816CCC00056680 /* AddressBook.framework */,
				B9C1C35815129F0E008FA5D1 /* CoreLocation.framework */,
				B9CD0A73150EA4DD00560A93 /* UIKit.framework */,
				B9CD0A75150EA4DD00560A93 /* Foundation.framework */,
				B9CD0A77150EA4DD00560A93 /* CoreGraphics.framework */,
			);
			name = Frameworks;
			sourceTree = "<group>";
		};
		B9CD0A79150EA4DD00560A93 /* Scrumptious */ = {
			isa = PBXGroup;
			children = (
				B9CD0A82150EA4DD00560A93 /* SCAppDelegate.h */,
				B9CD0A83150EA4DD00560A93 /* SCAppDelegate.m */,
				B9CD0A93150EBF5400560A93 /* SCLoginViewController.h */,
				B9CD0A94150EBF5400560A93 /* SCLoginViewController.m */,
				B9CD0A95150EBF5400560A93 /* SCLoginViewController.xib */,
				B9CD0A85150EA4DD00560A93 /* SCViewController.h */,
				B9CD0A86150EA4DD00560A93 /* SCViewController.m */,
				B9CD0A8B150EA4DE00560A93 /* SCViewController.xib */,
				2380EB8616D099580036728B /* MealModel.h */,
				2380EB8716D099580036728B /* MealModel.m */,
				B9CD0A7A150EA4DD00560A93 /* Supporting Files */,
			);
			path = Scrumptious;
			sourceTree = "<group>";
		};
		B9CD0A7A150EA4DD00560A93 /* Supporting Files */ = {
			isa = PBXGroup;
			children = (
				B9CD0A98150EBFBD00560A93 /* images */,
				85C69DC71602B411008AD9A0 /* Default-568h@2x.png */,
				85C69DC81602B411008AD9A0 /* Default.png */,
				85C69DC91602B411008AD9A0 /* Default@2x.png */,
				B9CD0A7B150EA4DD00560A93 /* Scrumptious-Info.plist */,
				B9CD0A7C150EA4DD00560A93 /* InfoPlist.strings */,
				8527EC6A15C9DB3800660673 /* Scrumptious.strings */,
				B9CD0A7F150EA4DD00560A93 /* main.m */,
				B9CD0A81150EA4DD00560A93 /* Scrumptious-Prefix.pch */,
			);
			name = "Supporting Files";
			sourceTree = "<group>";
		};
		B9CD0A98150EBFBD00560A93 /* images */ = {
			isa = PBXGroup;
			children = (
				23F33DC216DD59AB00EF2527 /* camera@2x.png */,
				23F33DC316DD59AB00EF2527 /* camera.png */,
				846809BD158F85A100F2DBB9 /* action-eating.png */,
				846809BE158F85A100F2DBB9 /* action-location.png */,
				846809BF158F85A100F2DBB9 /* action-people.png */,
				856DC2171577F105001FA6A6 /* Icon-72.png */,
				856DC2181577F105001FA6A6 /* Icon.png */,
				856DC2191577F105001FA6A6 /* Icon@2x.png */,
				B9CD0A99150EBFFB00560A93 /* facebook.png */,
			);
			name = images;
			sourceTree = "<group>";
		};
/* End PBXGroup section */

/* Begin PBXNativeTarget section */
		B9CD0A6E150EA4DD00560A93 /* Scrumptious */ = {
			isa = PBXNativeTarget;
			buildConfigurationList = B9CD0A90150EA4DE00560A93 /* Build configuration list for PBXNativeTarget "Scrumptious" */;
			buildPhases = (
				B9CD0A6B150EA4DD00560A93 /* Sources */,
				B9CD0A6C150EA4DD00560A93 /* Frameworks */,
				B9CD0A6D150EA4DD00560A93 /* Resources */,
			);
			buildRules = (
			);
			dependencies = (
			);
			name = Scrumptious;
			productName = Scrumptious;
			productReference = B9CD0A6F150EA4DD00560A93 /* Scrumptious.app */;
			productType = "com.apple.product-type.application";
		};
/* End PBXNativeTarget section */

/* Begin PBXProject section */
		B9CD0A66150EA4DD00560A93 /* Project object */ = {
			isa = PBXProject;
			attributes = {
				LastUpgradeCheck = 0460;
			};
			buildConfigurationList = B9CD0A69150EA4DD00560A93 /* Build configuration list for PBXProject "Scrumptious" */;
			compatibilityVersion = "Xcode 3.2";
			developmentRegion = English;
			hasScannedForEncodings = 0;
			knownRegions = (
				en,
				he,
			);
			mainGroup = B9CD0A64150EA4DD00560A93;
			productRefGroup = B9CD0A70150EA4DD00560A93 /* Products */;
			projectDirPath = "";
			projectRoot = "";
			targets = (
				B9CD0A6E150EA4DD00560A93 /* Scrumptious */,
			);
		};
/* End PBXProject section */

/* Begin PBXResourcesBuildPhase section */
		B9CD0A6D150EA4DD00560A93 /* Resources */ = {
			isa = PBXResourcesBuildPhase;
			buildActionMask = 2147483647;
			files = (
				B9CD0A7E150EA4DD00560A93 /* InfoPlist.strings in Resources */,
				B9CD0A8D150EA4DE00560A93 /* SCViewController.xib in Resources */,
				B9CD0A97150EBF5400560A93 /* SCLoginViewController.xib in Resources */,
				B9CD0A9A150EBFFB00560A93 /* facebook.png in Resources */,
				856DC21A1577F105001FA6A6 /* Icon-72.png in Resources */,
				856DC21B1577F105001FA6A6 /* Icon.png in Resources */,
				856DC21C1577F105001FA6A6 /* Icon@2x.png in Resources */,
				846809C1158F85A100F2DBB9 /* action-eating.png in Resources */,
				846809C2158F85A100F2DBB9 /* action-location.png in Resources */,
				846809C3158F85A100F2DBB9 /* action-people.png in Resources */,
				8527EC6815C9DB3800660673 /* Scrumptious.strings in Resources */,
				85C69DCA1602B411008AD9A0 /* Default-568h@2x.png in Resources */,
				85C69DCB1602B411008AD9A0 /* Default.png in Resources */,
				85C69DCC1602B411008AD9A0 /* Default@2x.png in Resources */,
				23F33DC416DD59AB00EF2527 /* camera@2x.png in Resources */,
				23F33DC516DD59AB00EF2527 /* camera.png in Resources */,
			);
			runOnlyForDeploymentPostprocessing = 0;
		};
/* End PBXResourcesBuildPhase section */

/* Begin PBXSourcesBuildPhase section */
		B9CD0A6B150EA4DD00560A93 /* Sources */ = {
			isa = PBXSourcesBuildPhase;
			buildActionMask = 2147483647;
			files = (
				B9CD0A80150EA4DD00560A93 /* main.m in Sources */,
				B9CD0A84150EA4DD00560A93 /* SCAppDelegate.m in Sources */,
				B9CD0A87150EA4DD00560A93 /* SCViewController.m in Sources */,
				B9CD0A96150EBF5400560A93 /* SCLoginViewController.m in Sources */,
				2380EB8816D099580036728B /* MealModel.m in Sources */,
			);
			runOnlyForDeploymentPostprocessing = 0;
		};
/* End PBXSourcesBuildPhase section */

/* Begin PBXVariantGroup section */
		8527EC6A15C9DB3800660673 /* Scrumptious.strings */ = {
			isa = PBXVariantGroup;
			children = (
				8527EC6915C9DB3800660673 /* en */,
				8527EC6B15C9DB4A00660673 /* he */,
			);
			name = Scrumptious.strings;
			path = scrumptious;
			sourceTree = SOURCE_ROOT;
		};
		B9CD0A7C150EA4DD00560A93 /* InfoPlist.strings */ = {
			isa = PBXVariantGroup;
			children = (
				B9CD0A7D150EA4DD00560A93 /* en */,
			);
			name = InfoPlist.strings;
			sourceTree = "<group>";
		};
		B9CD0A8B150EA4DE00560A93 /* SCViewController.xib */ = {
			isa = PBXVariantGroup;
			children = (
				B9CD0A8C150EA4DE00560A93 /* en */,
			);
			name = SCViewController.xib;
			sourceTree = "<group>";
		};
/* End PBXVariantGroup section */

/* Begin XCBuildConfiguration section */
		B9CD0A8E150EA4DE00560A93 /* Debug */ = {
			isa = XCBuildConfiguration;
			buildSettings = {
				ALWAYS_SEARCH_USER_PATHS = NO;
				ARCHS = "$(ARCHS_STANDARD_32_BIT)";
				CLANG_ENABLE_OBJC_ARC = YES;
				CLANG_WARN_CONSTANT_CONVERSION = YES;
				CLANG_WARN_ENUM_CONVERSION = YES;
				CLANG_WARN_INT_CONVERSION = YES;
				CLANG_WARN__DUPLICATE_METHOD_MATCH = YES;
				CODE_SIGN_IDENTITY = "iPhone Developer: Edward Fleming III (S7UJ5ZYT3Y)";
				"CODE_SIGN_IDENTITY[sdk=iphoneos*]" = "iPhone Developer";
				COPY_PHASE_STRIP = NO;
				GCC_C_LANGUAGE_STANDARD = gnu99;
				GCC_DYNAMIC_NO_PIC = NO;
				GCC_OPTIMIZATION_LEVEL = 0;
				GCC_PREPROCESSOR_DEFINITIONS = (
					"DEBUG=1",
					"$(inherited)",
				);
				GCC_SYMBOLS_PRIVATE_EXTERN = NO;
				GCC_VERSION = com.apple.compilers.llvm.clang.1_0;
				GCC_WARN_ABOUT_RETURN_TYPE = YES;
				GCC_WARN_UNINITIALIZED_AUTOS = YES;
				GCC_WARN_UNUSED_VARIABLE = YES;
				IPHONEOS_DEPLOYMENT_TARGET = 5.0;
				OTHER_LDFLAGS = "-ObjC";
				PROVISIONING_PROFILE = "";
				SDKROOT = iphoneos;
			};
			name = Debug;
		};
		B9CD0A8F150EA4DE00560A93 /* Release */ = {
			isa = XCBuildConfiguration;
			buildSettings = {
				ALWAYS_SEARCH_USER_PATHS = NO;
				ARCHS = "$(ARCHS_STANDARD_32_BIT)";
				CLANG_ENABLE_OBJC_ARC = YES;
				CLANG_WARN_CONSTANT_CONVERSION = YES;
				CLANG_WARN_ENUM_CONVERSION = YES;
				CLANG_WARN_INT_CONVERSION = YES;
				CLANG_WARN__DUPLICATE_METHOD_MATCH = YES;
				CODE_SIGN_IDENTITY = "iPhone Developer: Edward Fleming III (S7UJ5ZYT3Y)";
				"CODE_SIGN_IDENTITY[sdk=iphoneos*]" = "iPhone Developer";
				COPY_PHASE_STRIP = YES;
				GCC_C_LANGUAGE_STANDARD = gnu99;
				GCC_VERSION = com.apple.compilers.llvm.clang.1_0;
				GCC_WARN_ABOUT_RETURN_TYPE = YES;
				GCC_WARN_UNINITIALIZED_AUTOS = YES;
				GCC_WARN_UNUSED_VARIABLE = YES;
				IPHONEOS_DEPLOYMENT_TARGET = 5.0;
				OTHER_CFLAGS = "-DNS_BLOCK_ASSERTIONS=1";
				OTHER_LDFLAGS = "-ObjC";
				PROVISIONING_PROFILE = "";
				SDKROOT = iphoneos;
				VALIDATE_PRODUCT = YES;
			};
			name = Release;
		};
		B9CD0A91150EA4DE00560A93 /* Debug */ = {
			isa = XCBuildConfiguration;
			buildSettings = {
				CLANG_ENABLE_OBJC_ARC = YES;
				CODE_SIGN_IDENTITY = "iPhone Developer";
				FRAMEWORK_SEARCH_PATHS = (
					"$(inherited)",
					"\"$(SRCROOT)\"",
				);
				GCC_PRECOMPILE_PREFIX_HEADER = YES;
				GCC_PREFIX_HEADER = "Scrumptious/Scrumptious-Prefix.pch";
				GCC_WARN_ABOUT_MISSING_PROTOTYPES = YES;
				INFOPLIST_FILE = "Scrumptious/Scrumptious-Info.plist";
				IPHONEOS_DEPLOYMENT_TARGET = 4.3;
				LIBRARY_SEARCH_PATHS = (
					"$(inherited)",
					"\"$(SRCROOT)/Airship\"",
				);
				OTHER_LDFLAGS = (
					"-lsqlite3.0",
					"-ObjC",
				);
				PRODUCT_NAME = "$(TARGET_NAME)";
				PROVISIONING_PROFILE = "";
				TARGETED_DEVICE_FAMILY = "1,2";
				WRAPPER_EXTENSION = app;
			};
			name = Debug;
		};
		B9CD0A92150EA4DE00560A93 /* Release */ = {
			isa = XCBuildConfiguration;
			buildSettings = {
				CLANG_ENABLE_OBJC_ARC = YES;
				FRAMEWORK_SEARCH_PATHS = (
					"$(inherited)",
					"\"$(SRCROOT)\"",
				);
				GCC_PRECOMPILE_PREFIX_HEADER = YES;
				GCC_PREFIX_HEADER = "Scrumptious/Scrumptious-Prefix.pch";
				GCC_WARN_ABOUT_MISSING_PROTOTYPES = YES;
				INFOPLIST_FILE = "Scrumptious/Scrumptious-Info.plist";
				IPHONEOS_DEPLOYMENT_TARGET = 4.3;
				LIBRARY_SEARCH_PATHS = (
					"$(inherited)",
					"\"$(SRCROOT)/Airship\"",
				);
				OTHER_LDFLAGS = (
					"-lsqlite3.0",
					"-ObjC",
				);
				PRODUCT_NAME = "$(TARGET_NAME)";
				TARGETED_DEVICE_FAMILY = "1,2";
				WRAPPER_EXTENSION = app;
			};
			name = Release;
		};
/* End XCBuildConfiguration section */

/* Begin XCConfigurationList section */
		B9CD0A69150EA4DD00560A93 /* Build configuration list for PBXProject "Scrumptious" */ = {
			isa = XCConfigurationList;
			buildConfigurations = (
				B9CD0A8E150EA4DE00560A93 /* Debug */,
				B9CD0A8F150EA4DE00560A93 /* Release */,
			);
			defaultConfigurationIsVisible = 0;
			defaultConfigurationName = Release;
		};
		B9CD0A90150EA4DE00560A93 /* Build configuration list for PBXNativeTarget "Scrumptious" */ = {
			isa = XCConfigurationList;
			buildConfigurations = (
				B9CD0A91150EA4DE00560A93 /* Debug */,
				B9CD0A92150EA4DE00560A93 /* Release */,
			);
			defaultConfigurationIsVisible = 0;
			defaultConfigurationName = Release;
		};
/* End XCConfigurationList section */
	};
	rootObject = B9CD0A66150EA4DD00560A93 /* Project object */;
}
